
Microsoft Visual Studio Solution File, Format Version 12.00
# Visual Studio 2012
Project("{E24C65DC-7377-472B-9ABA-BC803B73C61A}") = "CalculaWeb", "http://localhost:50731", "{34B6C33B-7EF1-4B22-8795-3B93CCA35D4C}"
	ProjectSection(WebsiteProperties) = preProject
		UseIISExpress = "true"
		TargetFrameworkMoniker = ".NETFramework,Version%3Dv4.5"
		Debug.AspNetCompiler.VirtualPath = "/localhost_50731"
		Debug.AspNetCompiler.PhysicalPath = "..\..\..\examenInf317\CalculadorWeb\CalculaWeb\"
		Debug.AspNetCompiler.TargetPath = "PrecompiledWeb\localhost_50731\"
		Debug.AspNetCompiler.Updateable = "true"
		Debug.AspNetCompiler.ForceOverwrite = "true"
		Debug.AspNetCompiler.FixedNames = "false"
		Debug.AspNetCompiler.Debug = "True"
		Release.AspNetCompiler.VirtualPath = "/localhost_50731"
		Release.AspNetCompiler.PhysicalPath = "..\..\..\examenInf317\CalculadorWeb\CalculaWeb\"
		Release.AspNetCompiler.TargetPath = "PrecompiledWeb\localhost_50731\"
		Release.AspNetCompiler.Updateable = "true"
		Release.AspNetCompiler.ForceOverwrite = "true"
		Release.AspNetCompiler.FixedNames = "false"
		Release.AspNetCompiler.Debug = "False"
		SlnRelativePath = "..\..\..\examenInf317\CalculadorWeb\CalculaWeb\"
		DefaultWebSiteLanguage = "Visual C#"
	EndProjectSection
EndProject
Global
	GlobalSection(SolutionConfigurationPlatforms) = preSolution
		Debug|Any CPU = Debug|Any CPU
	EndGlobalSection
	GlobalSection(ProjectConfigurationPlatforms) = postSolution
		{34B6C33B-7EF1-4B22-8795-3B93CCA35D4C}.Debug|Any CPU.ActiveCfg = Debug|Any CPU
		{34B6C33B-7EF1-4B22-8795-3B93CCA35D4C}.Debug|Any CPU.Build.0 = Debug|Any CPU
	EndGlobalSection
	GlobalSection(SolutionProperties) = preSolution
		HideSolutionNode = FALSE
	EndGlobalSection
EndGlobal
